
Microsoft Visual Studio Solution File, Format Version 12.00
# Visual Studio 15
VisualStudioVersion = 15.0.27703.2026
MinimumVisualStudioVersion = 10.0.40219.1
Project("{FAE04EC0-301F-11D3-BF4B-00C04F79EFBC}") = "TTToe", "TTToe\TTToe.csproj", "{B49AA9B9-6900-45EA-871D-EBC967D9F1A9}"
EndProject
Global
	GlobalSection(SolutionConfigurationPlatforms) = preSolution
		Debug|Any CPU = Debug|Any CPU
		Release|Any CPU = Release|Any CPU
	EndGlobalSection
	GlobalSection(ProjectConfigurationPlatforms) = postSolution
		{B49AA9B9-6900-45EA-871D-EBC967D9F1A9}.Debug|Any CPU.ActiveCfg = Debug|Any CPU
		{B49AA9B9-6900-45EA-871D-EBC967D9F1A9}.Debug|Any CPU.Build.0 = Debug|Any CPU
		{B49AA9B9-6900-45EA-871D-EBC967D9F1A9}.Release|Any CPU.ActiveCfg = Release|Any CPU
		{B49AA9B9-6900-45EA-871D-EBC967D9F1A9}.Release|Any CPU.Build.0 = Release|Any CPU
	EndGlobalSection
	GlobalSection(SolutionProperties) = preSolution
		HideSolutionNode = FALSE
	EndGlobalSection
	GlobalSection(ExtensibilityGlobals) = postSolution
		SolutionGuid = {436F4F65-44EA-4496-9B31-5FC26FCAE74C}
	EndGlobalSection
EndGlobal
